
Microsoft Visual Studio Solution File, Format Version 12.00
# Visual Studio Version 17
VisualStudioVersion = 17.9.34728.123
MinimumVisualStudioVersion = 10.0.40219.1
Project("{FAE04EC0-301F-11D3-BF4B-00C04F79EFBC}") = "Ulomek", "Ulomek\Ulomek.csproj", "{EC6AEFE9-AA00-443B-BD53-248496F1ABD4}"
EndProject
Project("{FAE04EC0-301F-11D3-BF4B-00C04F79EFBC}") = "KompleksnoStevilo", "KompleksnoStevilo\KompleksnoStevilo.csproj", "{DA9F2060-6413-4B5E-A8CF-C8B3C0514AC9}"
EndProject
Project("{FAE04EC0-301F-11D3-BF4B-00C04F79EFBC}") = "Vektor2D", "Vektor2D\Vektor2D.csproj", "{8F0ACC6F-6FDA-4C0B-A3A3-A013AA368A7C}"
EndProject
Project("{FAE04EC0-301F-11D3-BF4B-00C04F79EFBC}") = "Valj", "Valj\Valj.csproj", "{2AF13302-D95F-42A3-9423-1CD8A4C98DA4}"
EndProject
Project("{FAE04EC0-301F-11D3-BF4B-00C04F79EFBC}") = "UlomekStaraVerzija", "UlomekStaraVerzija\UlomekStaraVerzija.csproj", "{2540F6B1-52A5-4436-A55E-47A2BDB71260}"
EndProject
Global
	GlobalSection(SolutionConfigurationPlatforms) = preSolution
		Debug|Any CPU = Debug|Any CPU
		Release|Any CPU = Release|Any CPU
	EndGlobalSection
	GlobalSection(ProjectConfigurationPlatforms) = postSolution
		{EC6AEFE9-AA00-443B-BD53-248496F1ABD4}.Debug|Any CPU.ActiveCfg = Debug|Any CPU
		{EC6AEFE9-AA00-443B-BD53-248496F1ABD4}.Debug|Any CPU.Build.0 = Debug|Any CPU
		{EC6AEFE9-AA00-443B-BD53-248496F1ABD4}.Release|Any CPU.ActiveCfg = Release|Any CPU
		{EC6AEFE9-AA00-443B-BD53-248496F1ABD4}.Release|Any CPU.Build.0 = Release|Any CPU
		{DA9F2060-6413-4B5E-A8CF-C8B3C0514AC9}.Debug|Any CPU.ActiveCfg = Debug|Any CPU
		{DA9F2060-6413-4B5E-A8CF-C8B3C0514AC9}.Debug|Any CPU.Build.0 = Debug|Any CPU
		{DA9F2060-6413-4B5E-A8CF-C8B3C0514AC9}.Release|Any CPU.ActiveCfg = Release|Any CPU
		{DA9F2060-6413-4B5E-A8CF-C8B3C0514AC9}.Release|Any CPU.Build.0 = Release|Any CPU
		{8F0ACC6F-6FDA-4C0B-A3A3-A013AA368A7C}.Debug|Any CPU.ActiveCfg = Debug|Any CPU
		{8F0ACC6F-6FDA-4C0B-A3A3-A013AA368A7C}.Debug|Any CPU.Build.0 = Debug|Any CPU
		{8F0ACC6F-6FDA-4C0B-A3A3-A013AA368A7C}.Release|Any CPU.ActiveCfg = Release|Any CPU
		{8F0ACC6F-6FDA-4C0B-A3A3-A013AA368A7C}.Release|Any CPU.Build.0 = Release|Any CPU
		{2AF13302-D95F-42A3-9423-1CD8A4C98DA4}.Debug|Any CPU.ActiveCfg = Debug|Any CPU
		{2AF13302-D95F-42A3-9423-1CD8A4C98DA4}.Debug|Any CPU.Build.0 = Debug|Any CPU
		{2AF13302-D95F-42A3-9423-1CD8A4C98DA4}.Release|Any CPU.ActiveCfg = Release|Any CPU
		{2AF13302-D95F-42A3-9423-1CD8A4C98DA4}.Release|Any CPU.Build.0 = Release|Any CPU
		{2540F6B1-52A5-4436-A55E-47A2BDB71260}.Debug|Any CPU.ActiveCfg = Debug|Any CPU
		{2540F6B1-52A5-4436-A55E-47A2BDB71260}.Debug|Any CPU.Build.0 = Debug|Any CPU
		{2540F6B1-52A5-4436-A55E-47A2BDB71260}.Release|Any CPU.ActiveCfg = Release|Any CPU
		{2540F6B1-52A5-4436-A55E-47A2BDB71260}.Release|Any CPU.Build.0 = Release|Any CPU
	EndGlobalSection
	GlobalSection(SolutionProperties) = preSolution
		HideSolutionNode = FALSE
	EndGlobalSection
	GlobalSection(ExtensibilityGlobals) = postSolution
		SolutionGuid = {E56FF118-34AC-440F-9655-998951F90162}
	EndGlobalSection
EndGlobal
